// !$*UTF8*$!
{
	archiveVersion = 1;
	classes = {
	};
	objectVersion = 50;
	objects = {

/* Begin PBXBuildFile section */
		52091FAC48BB6B332777D3E5 /* libPods-Giphy.a in Frameworks */ = {isa = PBXBuildFile; fileRef = E1129102AB0F90672B815878 /* libPods-Giphy.a */; };
		6B8AB56D224CD46D00A1D06A /* Giphy.swift in Sources */ = {isa = PBXBuildFile; fileRef = 6B8AB56C224CD46D00A1D06A /* Giphy.swift */; };
		6B8AB572224CDB7900A1D06A /* Requester.swift in Sources */ = {isa = PBXBuildFile; fileRef = 6B8AB571224CDB7900A1D06A /* Requester.swift */; };
		6B8AB574224CDC8500A1D06A /* APIConfigs.swift in Sources */ = {isa = PBXBuildFile; fileRef = 6B8AB573224CDC8500A1D06A /* APIConfigs.swift */; };
		6B8AB578224CDD2500A1D06A /* DictinaryEx.swift in Sources */ = {isa = PBXBuildFile; fileRef = 6B8AB577224CDD2500A1D06A /* DictinaryEx.swift */; };
		6BBCC2CE224CE22300D0AF8E /* Communicator.swift in Sources */ = {isa = PBXBuildFile; fileRef = 6BBCC2CD224CE22300D0AF8E /* Communicator.swift */; };
		6BBCC2D0224D011800D0AF8E /* GiphyImage.swift in Sources */ = {isa = PBXBuildFile; fileRef = 6BBCC2CF224D011800D0AF8E /* GiphyImage.swift */; };
		6BBCC2D5224D03D600D0AF8E /* GiphyCollectionViewCell.swift in Sources */ = {isa = PBXBuildFile; fileRef = 6BBCC2D3224D03D600D0AF8E /* GiphyCollectionViewCell.swift */; };
		6BBCC2D6224D03D600D0AF8E /* GiphyCollectionViewCell.xib in Resources */ = {isa = PBXBuildFile; fileRef = 6BBCC2D4224D03D600D0AF8E /* GiphyCollectionViewCell.xib */; };
		6BFF0A2F224CABF900F3B187 /* AppDelegate.swift in Sources */ = {isa = PBXBuildFile; fileRef = 6BFF0A2E224CABF900F3B187 /* AppDelegate.swift */; };
		6BFF0A31224CABF900F3B187 /* SearchGifsViewController.swift in Sources */ = {isa = PBXBuildFile; fileRef = 6BFF0A30224CABF900F3B187 /* SearchGifsViewController.swift */; };
		6BFF0A34224CABF900F3B187 /* Main.storyboard in Resources */ = {isa = PBXBuildFile; fileRef = 6BFF0A32224CABF900F3B187 /* Main.storyboard */; };
		6BFF0A36224CABFA00F3B187 /* Assets.xcassets in Resources */ = {isa = PBXBuildFile; fileRef = 6BFF0A35224CABFA00F3B187 /* Assets.xcassets */; };
		6BFF0A39224CABFA00F3B187 /* LaunchScreen.storyboard in Resources */ = {isa = PBXBuildFile; fileRef = 6BFF0A37224CABFA00F3B187 /* LaunchScreen.storyboard */; };
		6BFF0A44224CABFA00F3B187 /* GiphyTests.swift in Sources */ = {isa = PBXBuildFile; fileRef = 6BFF0A43224CABFA00F3B187 /* GiphyTests.swift */; };
/* End PBXBuildFile section */

/* Begin PBXContainerItemProxy section */
		6BFF0A40224CABFA00F3B187 /* PBXContainerItemProxy */ = {
			isa = PBXContainerItemProxy;
			containerPortal = 6BFF0A23224CABF900F3B187 /* Project object */;
			proxyType = 1;
			remoteGlobalIDString = 6BFF0A2A224CABF900F3B187;
			remoteInfo = Giphy;
		};
/* End PBXContainerItemProxy section */

/* Begin PBXFileReference section */
		6B8AB56C224CD46D00A1D06A /* Giphy.swift */ = {isa = PBXFileReference; lastKnownFileType = sourcecode.swift; path = Giphy.swift; sourceTree = "<group>"; };
		6B8AB571224CDB7900A1D06A /* Requester.swift */ = {isa = PBXFileReference; lastKnownFileType = sourcecode.swift; path = Requester.swift; sourceTree = "<group>"; };
		6B8AB573224CDC8500A1D06A /* APIConfigs.swift */ = {isa = PBXFileReference; fileEncoding = 4; lastKnownFileType = sourcecode.swift; path = APIConfigs.swift; sourceTree = "<group>"; };
		6B8AB577224CDD2500A1D06A /* DictinaryEx.swift */ = {isa = PBXFileReference; lastKnownFileType = sourcecode.swift; path = DictinaryEx.swift; sourceTree = "<group>"; };
		6BBCC2CD224CE22300D0AF8E /* Communicator.swift */ = {isa = PBXFileReference; lastKnownFileType = sourcecode.swift; path = Communicator.swift; sourceTree = "<group>"; };
		6BBCC2CF224D011800D0AF8E /* GiphyImage.swift */ = {isa = PBXFileReference; lastKnownFileType = sourcecode.swift; path = GiphyImage.swift; sourceTree = "<group>"; };
		6BBCC2D3224D03D600D0AF8E /* GiphyCollectionViewCell.swift */ = {isa = PBXFileReference; lastKnownFileType = sourcecode.swift; path = GiphyCollectionViewCell.swift; sourceTree = "<group>"; };
		6BBCC2D4224D03D600D0AF8E /* GiphyCollectionViewCell.xib */ = {isa = PBXFileReference; lastKnownFileType = file.xib; path = GiphyCollectionViewCell.xib; sourceTree = "<group>"; };
		6BFF0A2B224CABF900F3B187 /* Giphy.app */ = {isa = PBXFileReference; explicitFileType = wrapper.application; includeInIndex = 0; path = Giphy.app; sourceTree = BUILT_PRODUCTS_DIR; };
		6BFF0A2E224CABF900F3B187 /* AppDelegate.swift */ = {isa = PBXFileReference; lastKnownFileType = sourcecode.swift; path = AppDelegate.swift; sourceTree = "<group>"; };
		6BFF0A30224CABF900F3B187 /* SearchGifsViewController.swift */ = {isa = PBXFileReference; lastKnownFileType = sourcecode.swift; path = SearchGifsViewController.swift; sourceTree = "<group>"; };
		6BFF0A33224CABF900F3B187 /* Base */ = {isa = PBXFileReference; lastKnownFileType = file.storyboard; name = Base; path = Base.lproj/Main.storyboard; sourceTree = "<group>"; };
		6BFF0A35224CABFA00F3B187 /* Assets.xcassets */ = {isa = PBXFileReference; lastKnownFileType = folder.assetcatalog; path = Assets.xcassets; sourceTree = "<group>"; };
		6BFF0A38224CABFA00F3B187 /* Base */ = {isa = PBXFileReference; lastKnownFileType = file.storyboard; name = Base; path = Base.lproj/LaunchScreen.storyboard; sourceTree = "<group>"; };
		6BFF0A3A224CABFA00F3B187 /* Info.plist */ = {isa = PBXFileReference; lastKnownFileType = text.plist.xml; path = Info.plist; sourceTree = "<group>"; };
		6BFF0A3F224CABFA00F3B187 /* GiphyTests.xctest */ = {isa = PBXFileReference; explicitFileType = wrapper.cfbundle; includeInIndex = 0; path = GiphyTests.xctest; sourceTree = BUILT_PRODUCTS_DIR; };
		6BFF0A43224CABFA00F3B187 /* GiphyTests.swift */ = {isa = PBXFileReference; lastKnownFileType = sourcecode.swift; path = GiphyTests.swift; sourceTree = "<group>"; };
		6BFF0A45224CABFA00F3B187 /* Info.plist */ = {isa = PBXFileReference; lastKnownFileType = text.plist.xml; path = Info.plist; sourceTree = "<group>"; };
		99889ED898F305EE12EB836A /* Pods-Giphy.release.xcconfig */ = {isa = PBXFileReference; includeInIndex = 1; lastKnownFileType = text.xcconfig; name = "Pods-Giphy.release.xcconfig"; path = "Pods/Target Support Files/Pods-Giphy/Pods-Giphy.release.xcconfig"; sourceTree = "<group>"; };
		B90EA197FBF3D5757CC7B000 /* Pods-Giphy.debug.xcconfig */ = {isa = PBXFileReference; includeInIndex = 1; lastKnownFileType = text.xcconfig; name = "Pods-Giphy.debug.xcconfig"; path = "Pods/Target Support Files/Pods-Giphy/Pods-Giphy.debug.xcconfig"; sourceTree = "<group>"; };
		E1129102AB0F90672B815878 /* libPods-Giphy.a */ = {isa = PBXFileReference; explicitFileType = archive.ar; includeInIndex = 0; path = "libPods-Giphy.a"; sourceTree = BUILT_PRODUCTS_DIR; };
/* End PBXFileReference section */

/* Begin PBXFrameworksBuildPhase section */
		6BFF0A28224CABF900F3B187 /* Frameworks */ = {
			isa = PBXFrameworksBuildPhase;
			buildActionMask = 2147483647;
			files = (
				52091FAC48BB6B332777D3E5 /* libPods-Giphy.a in Frameworks */,
			);
			runOnlyForDeploymentPostprocessing = 0;
		};
		6BFF0A3C224CABFA00F3B187 /* Frameworks */ = {
			isa = PBXFrameworksBuildPhase;
			buildActionMask = 2147483647;
			files = (
			);
			runOnlyForDeploymentPostprocessing = 0;
		};
/* End PBXFrameworksBuildPhase section */

/* Begin PBXGroup section */
		6B8AB567224CCD2D00A1D06A /* Controller */ = {
			isa = PBXGroup;
			children = (
				6BFF0A30224CABF900F3B187 /* SearchGifsViewController.swift */,
			);
			path = Controller;
			sourceTree = "<group>";
		};
		6B8AB568224CCD3800A1D06A /* Storyboards */ = {
			isa = PBXGroup;
			children = (
				6BFF0A37224CABFA00F3B187 /* LaunchScreen.storyboard */,
				6BFF0A32224CABF900F3B187 /* Main.storyboard */,
			);
			path = Storyboards;
			sourceTree = "<group>";
		};
		6B8AB569224CCD4300A1D06A /* View */ = {
			isa = PBXGroup;
			children = (
				6BBCC2D1224D03B200D0AF8E /* Cell */,
			);
			path = View;
			sourceTree = "<group>";
		};
		6B8AB56A224CCD4900A1D06A /* Model */ = {
			isa = PBXGroup;
			children = (
				6B8AB56C224CD46D00A1D06A /* Giphy.swift */,
				6BBCC2CF224D011800D0AF8E /* GiphyImage.swift */,
			);
			path = Model;
			sourceTree = "<group>";
		};
		6B8AB56B224CCD7000A1D06A /* Code */ = {
			isa = PBXGroup;
			children = (
				6BFF0A2E224CABF900F3B187 /* AppDelegate.swift */,
				6B8AB576224CDD0E00A1D06A /* Common */,
				6B8AB570224CDB6300A1D06A /* Network */,
				6B8AB567224CCD2D00A1D06A /* Controller */,
				6B8AB56A224CCD4900A1D06A /* Model */,
				6B8AB569224CCD4300A1D06A /* View */,
			);
			path = Code;
			sourceTree = "<group>";
		};
		6B8AB570224CDB6300A1D06A /* Network */ = {
			isa = PBXGroup;
			children = (
				6B8AB573224CDC8500A1D06A /* APIConfigs.swift */,
				6B8AB571224CDB7900A1D06A /* Requester.swift */,
				6BBCC2CD224CE22300D0AF8E /* Communicator.swift */,
			);
			path = Network;
			sourceTree = "<group>";
		};
		6B8AB575224CDD0100A1D06A /* Extensions */ = {
			isa = PBXGroup;
			children = (
				6B8AB577224CDD2500A1D06A /* DictinaryEx.swift */,
			);
			path = Extensions;
			sourceTree = "<group>";
		};
		6B8AB576224CDD0E00A1D06A /* Common */ = {
			isa = PBXGroup;
			children = (
				6B8AB575224CDD0100A1D06A /* Extensions */,
			);
			path = Common;
			sourceTree = "<group>";
		};
		6BBCC2D1224D03B200D0AF8E /* Cell */ = {
			isa = PBXGroup;
			children = (
				6BBCC2D2224D03C000D0AF8E /* GiphyCollectionViewCell */,
			);
			path = Cell;
			sourceTree = "<group>";
		};
		6BBCC2D2224D03C000D0AF8E /* GiphyCollectionViewCell */ = {
			isa = PBXGroup;
			children = (
				6BBCC2D3224D03D600D0AF8E /* GiphyCollectionViewCell.swift */,
				6BBCC2D4224D03D600D0AF8E /* GiphyCollectionViewCell.xib */,
			);
			path = GiphyCollectionViewCell;
			sourceTree = "<group>";
		};
		6BFF0A22224CABF900F3B187 = {
			isa = PBXGroup;
			children = (
				6BFF0A2D224CABF900F3B187 /* Giphy */,
				6BFF0A42224CABFA00F3B187 /* GiphyTests */,
				6BFF0A2C224CABF900F3B187 /* Products */,
				70EF29EE9AAD8F77972C90ED /* Pods */,
				89688C0726A0A13AA9BA3E49 /* Frameworks */,
			);
			sourceTree = "<group>";
		};
		6BFF0A2C224CABF900F3B187 /* Products */ = {
			isa = PBXGroup;
			children = (
				6BFF0A2B224CABF900F3B187 /* Giphy.app */,
				6BFF0A3F224CABFA00F3B187 /* GiphyTests.xctest */,
			);
			name = Products;
			sourceTree = "<group>";
		};
		6BFF0A2D224CABF900F3B187 /* Giphy */ = {
			isa = PBXGroup;
			children = (
				6BFF0A3A224CABFA00F3B187 /* Info.plist */,
				6BFF0A35224CABFA00F3B187 /* Assets.xcassets */,
				6B8AB56B224CCD7000A1D06A /* Code */,
				6B8AB568224CCD3800A1D06A /* Storyboards */,
			);
			path = Giphy;
			sourceTree = "<group>";
		};
		6BFF0A42224CABFA00F3B187 /* GiphyTests */ = {
			isa = PBXGroup;
			children = (
				6BFF0A43224CABFA00F3B187 /* GiphyTests.swift */,
				6BFF0A45224CABFA00F3B187 /* Info.plist */,
			);
			path = GiphyTests;
			sourceTree = "<group>";
		};
		70EF29EE9AAD8F77972C90ED /* Pods */ = {
			isa = PBXGroup;
			children = (
				B90EA197FBF3D5757CC7B000 /* Pods-Giphy.debug.xcconfig */,
				99889ED898F305EE12EB836A /* Pods-Giphy.release.xcconfig */,
			);
			name = Pods;
			sourceTree = "<group>";
		};
		89688C0726A0A13AA9BA3E49 /* Frameworks */ = {
			isa = PBXGroup;
			children = (
				E1129102AB0F90672B815878 /* libPods-Giphy.a */,
			);
			name = Frameworks;
			sourceTree = "<group>";
		};
/* End PBXGroup section */

/* Begin PBXNativeTarget section */
		6BFF0A2A224CABF900F3B187 /* Giphy */ = {
			isa = PBXNativeTarget;
			buildConfigurationList = 6BFF0A48224CABFA00F3B187 /* Build configuration list for PBXNativeTarget "Giphy" */;
			buildPhases = (
				4596C2D6F8AF6C5E52E75464 /* [CP] Check Pods Manifest.lock */,
				6BFF0A27224CABF900F3B187 /* Sources */,
				6BFF0A28224CABF900F3B187 /* Frameworks */,
				6BFF0A29224CABF900F3B187 /* Resources */,
			);
			buildRules = (
			);
			dependencies = (
			);
			name = Giphy;
			productName = Giphy;
			productReference = 6BFF0A2B224CABF900F3B187 /* Giphy.app */;
			productType = "com.apple.product-type.application";
		};
		6BFF0A3E224CABFA00F3B187 /* GiphyTests */ = {
			isa = PBXNativeTarget;
			buildConfigurationList = 6BFF0A4B224CABFA00F3B187 /* Build configuration list for PBXNativeTarget "GiphyTests" */;
			buildPhases = (
				6BFF0A3B224CABFA00F3B187 /* Sources */,
				6BFF0A3C224CABFA00F3B187 /* Frameworks */,
				6BFF0A3D224CABFA00F3B187 /* Resources */,
			);
			buildRules = (
			);
			dependencies = (
				6BFF0A41224CABFA00F3B187 /* PBXTargetDependency */,
			);
			name = GiphyTests;
			productName = GiphyTests;
			productReference = 6BFF0A3F224CABFA00F3B187 /* GiphyTests.xctest */;
			productType = "com.apple.product-type.bundle.unit-test";
		};
/* End PBXNativeTarget section */

/* Begin PBXProject section */
		6BFF0A23224CABF900F3B187 /* Project object */ = {
			isa = PBXProject;
			attributes = {
				LastSwiftUpdateCheck = 1020;
				LastUpgradeCheck = 1020;
				ORGANIZATIONNAME = "Denis Romashov";
				TargetAttributes = {
					6BFF0A2A224CABF900F3B187 = {
						CreatedOnToolsVersion = 10.2;
					};
					6BFF0A3E224CABFA00F3B187 = {
						CreatedOnToolsVersion = 10.2;
						TestTargetID = 6BFF0A2A224CABF900F3B187;
					};
				};
			};
			buildConfigurationList = 6BFF0A26224CABF900F3B187 /* Build configuration list for PBXProject "Giphy" */;
			compatibilityVersion = "Xcode 9.3";
			developmentRegion = en;
			hasScannedForEncodings = 0;
			knownRegions = (
				en,
				Base,
			);
			mainGroup = 6BFF0A22224CABF900F3B187;
			productRefGroup = 6BFF0A2C224CABF900F3B187 /* Products */;
			projectDirPath = "";
			projectRoot = "";
			targets = (
				6BFF0A2A224CABF900F3B187 /* Giphy */,
				6BFF0A3E224CABFA00F3B187 /* GiphyTests */,
			);
		};
/* End PBXProject section */

/* Begin PBXResourcesBuildPhase section */
		6BFF0A29224CABF900F3B187 /* Resources */ = {
			isa = PBXResourcesBuildPhase;
			buildActionMask = 2147483647;
			files = (
				6BBCC2D6224D03D600D0AF8E /* GiphyCollectionViewCell.xib in Resources */,
				6BFF0A39224CABFA00F3B187 /* LaunchScreen.storyboard in Resources */,
				6BFF0A36224CABFA00F3B187 /* Assets.xcassets in Resources */,
				6BFF0A34224CABF900F3B187 /* Main.storyboard in Resources */,
			);
			runOnlyForDeploymentPostprocessing = 0;
		};
		6BFF0A3D224CABFA00F3B187 /* Resources */ = {
			isa = PBXResourcesBuildPhase;
			buildActionMask = 2147483647;
			files = (
			);
			runOnlyForDeploymentPostprocessing = 0;
		};
/* End PBXResourcesBuildPhase section */

/* Begin PBXShellScriptBuildPhase section */
		4596C2D6F8AF6C5E52E75464 /* [CP] Check Pods Manifest.lock */ = {
			isa = PBXShellScriptBuildPhase;
			buildActionMask = 2147483647;
			files = (
			);
			inputFileListPaths = (
			);
			inputPaths = (
				"${PODS_PODFILE_DIR_PATH}/Podfile.lock",
				"${PODS_ROOT}/Manifest.lock",
			);
			name = "[CP] Check Pods Manifest.lock";
			outputFileListPaths = (
			);
			outputPaths = (
				"$(DERIVED_FILE_DIR)/Pods-Giphy-checkManifestLockResult.txt",
			);
			runOnlyForDeploymentPostprocessing = 0;
			shellPath = /bin/sh;
			shellScript = "diff \"${PODS_PODFILE_DIR_PATH}/Podfile.lock\" \"${PODS_ROOT}/Manifest.lock\" > /dev/null\nif [ $? != 0 ] ; then\n    # print error to STDERR\n    echo \"error: The sandbox is not in sync with the Podfile.lock. Run 'pod install' or update your CocoaPods installation.\" >&2\n    exit 1\nfi\n# This output is used by Xcode 'outputs' to avoid re-running this script phase.\necho \"SUCCESS\" > \"${SCRIPT_OUTPUT_FILE_0}\"\n";
			showEnvVarsInLog = 0;
		};
/* End PBXShellScriptBuildPhase section */

/* Begin PBXSourcesBuildPhase section */
		6BFF0A27224CABF900F3B187 /* Sources */ = {
			isa = PBXSourcesBuildPhase;
			buildActionMask = 2147483647;
			files = (
				6BBCC2D5224D03D600D0AF8E /* GiphyCollectionViewCell.swift in Sources */,
				6B8AB578224CDD2500A1D06A /* DictinaryEx.swift in Sources */,
				6BFF0A31224CABF900F3B187 /* SearchGifsViewController.swift in Sources */,
				6BBCC2CE224CE22300D0AF8E /* Communicator.swift in Sources */,
				6B8AB56D224CD46D00A1D06A /* Giphy.swift in Sources */,
				6B8AB572224CDB7900A1D06A /* Requester.swift in Sources */,
				6B8AB574224CDC8500A1D06A /* APIConfigs.swift in Sources */,
				6BFF0A2F224CABF900F3B187 /* AppDelegate.swift in Sources */,
				6BBCC2D0224D011800D0AF8E /* GiphyImage.swift in Sources */,
			);
			runOnlyForDeploymentPostprocessing = 0;
		};
		6BFF0A3B224CABFA00F3B187 /* Sources */ = {
			isa = PBXSourcesBuildPhase;
			buildActionMask = 2147483647;
			files = (
				6BFF0A44224CABFA00F3B187 /* GiphyTests.swift in Sources */,
			);
			runOnlyForDeploymentPostprocessing = 0;
		};
/* End PBXSourcesBuildPhase section */

/* Begin PBXTargetDependency section */
		6BFF0A41224CABFA00F3B187 /* PBXTargetDependency */ = {
			isa = PBXTargetDependency;
			target = 6BFF0A2A224CABF900F3B187 /* Giphy */;
			targetProxy = 6BFF0A40224CABFA00F3B187 /* PBXContainerItemProxy */;
		};
/* End PBXTargetDependency section */

/* Begin PBXVariantGroup section */
		6BFF0A32224CABF900F3B187 /* Main.storyboard */ = {
			isa = PBXVariantGroup;
			children = (
				6BFF0A33224CABF900F3B187 /* Base */,
			);
			name = Main.storyboard;
			sourceTree = "<group>";
		};
		6BFF0A37224CABFA00F3B187 /* LaunchScreen.storyboard */ = {
			isa = PBXVariantGroup;
			children = (
				6BFF0A38224CABFA00F3B187 /* Base */,
			);
			name = LaunchScreen.storyboard;
			sourceTree = "<group>";
		};
/* End PBXVariantGroup section */

/* Begin XCBuildConfiguration section */
		6BFF0A46224CABFA00F3B187 /* Debug */ = {
			isa = XCBuildConfiguration;
			buildSettings = {
				ALWAYS_SEARCH_USER_PATHS = NO;
				CLANG_ANALYZER_NONNULL = YES;
				CLANG_ANALYZER_NUMBER_OBJECT_CONVERSION = YES_AGGRESSIVE;
				CLANG_CXX_LANGUAGE_STANDARD = "gnu++14";
				CLANG_CXX_LIBRARY = "libc++";
				CLANG_ENABLE_MODULES = YES;
				CLANG_ENABLE_OBJC_ARC = YES;
				CLANG_ENABLE_OBJC_WEAK = YES;
				CLANG_WARN_BLOCK_CAPTURE_AUTORELEASING = YES;
				CLANG_WARN_BOOL_CONVERSION = YES;
				CLANG_WARN_COMMA = YES;
				CLANG_WARN_CONSTANT_CONVERSION = YES;
				CLANG_WARN_DEPRECATED_OBJC_IMPLEMENTATIONS = YES;
				CLANG_WARN_DIRECT_OBJC_ISA_USAGE = YES_ERROR;
				CLANG_WARN_DOCUMENTATION_COMMENTS = YES;
				CLANG_WARN_EMPTY_BODY = YES;
				CLANG_WARN_ENUM_CONVERSION = YES;
				CLANG_WARN_INFINITE_RECURSION = YES;
				CLANG_WARN_INT_CONVERSION = YES;
				CLANG_WARN_NON_LITERAL_NULL_CONVERSION = YES;
				CLANG_WARN_OBJC_IMPLICIT_RETAIN_SELF = YES;
				CLANG_WARN_OBJC_LITERAL_CONVERSION = YES;
				CLANG_WARN_OBJC_ROOT_CLASS = YES_ERROR;
				CLANG_WARN_RANGE_LOOP_ANALYSIS = YES;
				CLANG_WARN_STRICT_PROTOTYPES = YES;
				CLANG_WARN_SUSPICIOUS_MOVE = YES;
				CLANG_WARN_UNGUARDED_AVAILABILITY = YES_AGGRESSIVE;
				CLANG_WARN_UNREACHABLE_CODE = YES;
				CLANG_WARN__DUPLICATE_METHOD_MATCH = YES;
				CODE_SIGN_IDENTITY = "iPhone Developer";
				COPY_PHASE_STRIP = NO;
				DEBUG_INFORMATION_FORMAT = dwarf;
				ENABLE_STRICT_OBJC_MSGSEND = YES;
				ENABLE_TESTABILITY = YES;
				GCC_C_LANGUAGE_STANDARD = gnu11;
				GCC_DYNAMIC_NO_PIC = NO;
				GCC_NO_COMMON_BLOCKS = YES;
				GCC_OPTIMIZATION_LEVEL = 0;
				GCC_PREPROCESSOR_DEFINITIONS = (
					"DEBUG=1",
					"$(inherited)",
				);
				GCC_WARN_64_TO_32_BIT_CONVERSION = YES;
				GCC_WARN_ABOUT_RETURN_TYPE = YES_ERROR;
				GCC_WARN_UNDECLARED_SELECTOR = YES;
				GCC_WARN_UNINITIALIZED_AUTOS = YES_AGGRESSIVE;
				GCC_WARN_UNUSED_FUNCTION = YES;
				GCC_WARN_UNUSED_VARIABLE = YES;
				IPHONEOS_DEPLOYMENT_TARGET = 12.2;
				MTL_ENABLE_DEBUG_INFO = INCLUDE_SOURCE;
				MTL_FAST_MATH = YES;
				ONLY_ACTIVE_ARCH = YES;
				SDKROOT = iphoneos;
				SWIFT_ACTIVE_COMPILATION_CONDITIONS = DEBUG;
				SWIFT_OPTIMIZATION_LEVEL = "-Onone";
			};
			name = Debug;
		};
		6BFF0A47224CABFA00F3B187 /* Release */ = {
			isa = XCBuildConfiguration;
			buildSettings = {
				ALWAYS_SEARCH_USER_PATHS = NO;
				CLANG_ANALYZER_NONNULL = YES;
				CLANG_ANALYZER_NUMBER_OBJECT_CONVERSION = YES_AGGRESSIVE;
				CLANG_CXX_LANGUAGE_STANDARD = "gnu++14";
				CLANG_CXX_LIBRARY = "libc++";
				CLANG_ENABLE_MODULES = YES;
				CLANG_ENABLE_OBJC_ARC = YES;
				CLANG_ENABLE_OBJC_WEAK = YES;
				CLANG_WARN_BLOCK_CAPTURE_AUTORELEASING = YES;
				CLANG_WARN_BOOL_CONVERSION = YES;
				CLANG_WARN_COMMA = YES;
				CLANG_WARN_CONSTANT_CONVERSION = YES;
				CLANG_WARN_DEPRECATED_OBJC_IMPLEMENTATIONS = YES;
				CLANG_WARN_DIRECT_OBJC_ISA_USAGE = YES_ERROR;
				CLANG_WARN_DOCUMENTATION_COMMENTS = YES;
				CLANG_WARN_EMPTY_BODY = YES;
				CLANG_WARN_ENUM_CONVERSION = YES;
				CLANG_WARN_INFINITE_RECURSION = YES;
				CLANG_WARN_INT_CONVERSION = YES;
				CLANG_WARN_NON_LITERAL_NULL_CONVERSION = YES;
				CLANG_WARN_OBJC_IMPLICIT_RETAIN_SELF = YES;
				CLANG_WARN_OBJC_LITERAL_CONVERSION = YES;
				CLANG_WARN_OBJC_ROOT_CLASS = YES_ERROR;
				CLANG_WARN_RANGE_LOOP_ANALYSIS = YES;
				CLANG_WARN_STRICT_PROTOTYPES = YES;
				CLANG_WARN_SUSPICIOUS_MOVE = YES;
				CLANG_WARN_UNGUARDED_AVAILABILITY = YES_AGGRESSIVE;
				CLANG_WARN_UNREACHABLE_CODE = YES;
				CLANG_WARN__DUPLICATE_METHOD_MATCH = YES;
				CODE_SIGN_IDENTITY = "iPhone Developer";
				COPY_PHASE_STRIP = NO;
				DEBUG_INFORMATION_FORMAT = "dwarf-with-dsym";
				ENABLE_NS_ASSERTIONS = NO;
				ENABLE_STRICT_OBJC_MSGSEND = YES;
				GCC_C_LANGUAGE_STANDARD = gnu11;
				GCC_NO_COMMON_BLOCKS = YES;
				GCC_WARN_64_TO_32_BIT_CONVERSION = YES;
				GCC_WARN_ABOUT_RETURN_TYPE = YES_ERROR;
				GCC_WARN_UNDECLARED_SELECTOR = YES;
				GCC_WARN_UNINITIALIZED_AUTOS = YES_AGGRESSIVE;
				GCC_WARN_UNUSED_FUNCTION = YES;
				GCC_WARN_UNUSED_VARIABLE = YES;
				IPHONEOS_DEPLOYMENT_TARGET = 12.2;
				MTL_ENABLE_DEBUG_INFO = NO;
				MTL_FAST_MATH = YES;
				SDKROOT = iphoneos;
				SWIFT_COMPILATION_MODE = wholemodule;
				SWIFT_OPTIMIZATION_LEVEL = "-O";
				VALIDATE_PRODUCT = YES;
			};
			name = Release;
		};
		6BFF0A49224CABFA00F3B187 /* Debug */ = {
			isa = XCBuildConfiguration;
			baseConfigurationReference = B90EA197FBF3D5757CC7B000 /* Pods-Giphy.debug.xcconfig */;
			buildSettings = {
				ASSETCATALOG_COMPILER_APPICON_NAME = AppIcon;
				CODE_SIGN_STYLE = Automatic;
				DEVELOPMENT_TEAM = 8RWPK85BP9;
				INFOPLIST_FILE = Giphy/Info.plist;
				LD_RUNPATH_SEARCH_PATHS = (
					"$(inherited)",
					"@executable_path/Frameworks",
				);
				PRODUCT_BUNDLE_IDENTIFIER = com.home.Giphy;
				PRODUCT_NAME = "$(TARGET_NAME)";
				SWIFT_VERSION = 5.0;
				TARGETED_DEVICE_FAMILY = "1,2";
			};
			name = Debug;
		};
		6BFF0A4A224CABFA00F3B187 /* Release */ = {
			isa = XCBuildConfiguration;
			baseConfigurationReference = 99889ED898F305EE12EB836A /* Pods-Giphy.release.xcconfig */;
			buildSettings = {
				ASSETCATALOG_COMPILER_APPICON_NAME = AppIcon;
				CODE_SIGN_STYLE = Automatic;
				DEVELOPMENT_TEAM = 8RWPK85BP9;
				INFOPLIST_FILE = Giphy/Info.plist;
				LD_RUNPATH_SEARCH_PATHS = (
					"$(inherited)",
					"@executable_path/Frameworks",
				);
				PRODUCT_BUNDLE_IDENTIFIER = com.home.Giphy;
				PRODUCT_NAME = "$(TARGET_NAME)";
				SWIFT_VERSION = 5.0;
				TARGETED_DEVICE_FAMILY = "1,2";
			};
			name = Release;
		};
		6BFF0A4C224CABFA00F3B187 /* Debug */ = {
			isa = XCBuildConfiguration;
			buildSettings = {
				ALWAYS_EMBED_SWIFT_STANDARD_LIBRARIES = YES;
				BUNDLE_LOADER = "$(TEST_HOST)";
				CODE_SIGN_STYLE = Automatic;
				INFOPLIST_FILE = GiphyTests/Info.plist;
				LD_RUNPATH_SEARCH_PATHS = (
					"$(inherited)",
					"@executable_path/Frameworks",
					"@loader_path/Frameworks",
				);
				PRODUCT_BUNDLE_IDENTIFIER = com.home.GiphyTests;
				PRODUCT_NAME = "$(TARGET_NAME)";
				SWIFT_VERSION = 5.0;
				TARGETED_DEVICE_FAMILY = "1,2";
				TEST_HOST = "$(BUILT_PRODUCTS_DIR)/Giphy.app/Giphy";
			};
			name = Debug;
		};
		6BFF0A4D224CABFA00F3B187 /* Release */ = {
			isa = XCBuildConfiguration;
			buildSettings = {
				ALWAYS_EMBED_SWIFT_STANDARD_LIBRARIES = YES;
				BUNDLE_LOADER = "$(TEST_HOST)";
				CODE_SIGN_STYLE = Automatic;
				INFOPLIST_FILE = GiphyTests/Info.plist;
				LD_RUNPATH_SEARCH_PATHS = (
					"$(inherited)",
					"@executable_path/Frameworks",
					"@loader_path/Frameworks",
				);
				PRODUCT_BUNDLE_IDENTIFIER = com.home.GiphyTests;
				PRODUCT_NAME = "$(TARGET_NAME)";
				SWIFT_VERSION = 5.0;
				TARGETED_DEVICE_FAMILY = "1,2";
				TEST_HOST = "$(BUILT_PRODUCTS_DIR)/Giphy.app/Giphy";
			};
			name = Release;
		};
/* End XCBuildConfiguration section */

/* Begin XCConfigurationList section */
		6BFF0A26224CABF900F3B187 /* Build configuration list for PBXProject "Giphy" */ = {
			isa = XCConfigurationList;
			buildConfigurations = (
				6BFF0A46224CABFA00F3B187 /* Debug */,
				6BFF0A47224CABFA00F3B187 /* Release */,
			);
			defaultConfigurationIsVisible = 0;
			defaultConfigurationName = Release;
		};
		6BFF0A48224CABFA00F3B187 /* Build configuration list for PBXNativeTarget "Giphy" */ = {
			isa = XCConfigurationList;
			buildConfigurations = (
				6BFF0A49224CABFA00F3B187 /* Debug */,
				6BFF0A4A224CABFA00F3B187 /* Release */,
			);
			defaultConfigurationIsVisible = 0;
			defaultConfigurationName = Release;
		};
		6BFF0A4B224CABFA00F3B187 /* Build configuration list for PBXNativeTarget "GiphyTests" */ = {
			isa = XCConfigurationList;
			buildConfigurations = (
				6BFF0A4C224CABFA00F3B187 /* Debug */,
				6BFF0A4D224CABFA00F3B187 /* Release */,
			);
			defaultConfigurationIsVisible = 0;
			defaultConfigurationName = Release;
		};
/* End XCConfigurationList section */
	};
	rootObject = 6BFF0A23224CABF900F3B187 /* Project object */;
}
